<?xml version="1.0" encoding="utf-8"?>
<Project ToolsVersion="4.0" xmlns="http://schemas.microsoft.com/developer/msbuild/2003">
  <ItemGroup>
    <Filter Include="Header Files">
      <UniqueIdentifier>{93995380-89BD-4b04-88EB-625FBE52EBFB}</UniqueIdentifier>
      <Extensions>h;hh;hpp;hxx;hm;inl;inc;xsd</Extensions>
    </Filter>
    <Filter Include="Modules">
      <UniqueIdentifier>{56de6c97-6fff-4ac9-8e66-6c36a197e86b}</UniqueIdentifier>
    </Filter>
    <Filter Include="Modules\DevTestModuleTest">
      <UniqueIdentifier>{ba9c9e5a-5e6a-4fa3-bb45-2c333ce69c81}</UniqueIdentifier>
    </Filter>
    <Filter Include="Modules\DevTestModuleTest\Suits">
      <UniqueIdentifier>{a47a7622-9b0f-4b5b-93a1-d8d2e4216467}</UniqueIdentifier>
    </Filter>
    <Filter Include="Modules\DevTestModuleTest\Mocks">
      <UniqueIdentifier>{45de9e2d-bf58-42c4-a3f3-98615795f06b}</UniqueIdentifier>
    </Filter>
    <Filter Include="Core">
      <UniqueIdentifier>{5730d8e8-2d45-4e32-9a62-744504774146}</UniqueIdentifier>
    </Filter>
    <Filter Include="Tools">
      <UniqueIdentifier>{dca4c097-e8a8-4745-a143-f66171805e82}</UniqueIdentifier>
    </Filter>
    <Filter Include="Core\Mocks">
      <UniqueIdentifier>{22aab612-939c-45f0-8ba0-617fb7a647e4}</UniqueIdentifier>
    </Filter>
  </ItemGroup>
  <ItemGroup>
    <ClCompile Include="main.cpp" />
    <ClCompile Include="Modules\DevTestModulesTest\Suits\DevTestClassTestSuite.cpp">
      <Filter>Modules\DevTestModuleTest\Suits</Filter>
    </ClCompile>
    <ClCompile Include="Core\Suits\EntityTestSuite.cpp">
      <Filter>Core</Filter>
    </ClCompile>
    <ClCompile Include="Core\Suits\PoolTestSuite.cpp">
      <Filter>Core</Filter>
    </ClCompile>
    <ClCompile Include="Core\Suits\ContinuousPoolPerformanceTestSuite.cpp">
      <Filter>Core</Filter>
    </ClCompile>
    <ClCompile Include="Core\Suits\EntityControllerTestSuite.cpp">
      <Filter>Core</Filter>
    </ClCompile>
    <ClCompile Include="Core\Suits\IdGuardTestSuite.cpp">
      <Filter>Core</Filter>
    </ClCompile>
    <ClCompile Include="Core\Suits\ComponentControllerTestSuite.cpp">
      <Filter>Core</Filter>
    </ClCompile>
    <ClCompile Include="Core\Suits\EntityChangeDistributorTestSuite.cpp">
      <Filter>Core</Filter>
    </ClCompile>
    <ClCompile Include="Core\Suits\ComponentPoolTestSuite.cpp">
      <Filter>Core</Filter>
    </ClCompile>
    <ClCompile Include="Core\Suits\EntityPoolTestSuite.cpp">
      <Filter>Core</Filter>
    </ClCompile>
    <ClCompile Include="Core\Suits\ComponentAttacherDetacherTestSuite.cpp">
      <Filter>Core</Filter>
    </ClCompile>
    <ClCompile Include="Core\Suits\ComponentIndicatorsTestSuite.cpp">
      <Filter>Core</Filter>
    </ClCompile>
  </ItemGroup>
  <ItemGroup>
    <ClInclude Include="Modules\DevTestModulesTest\Mocks\DevTestClassMock.hpp">
      <Filter>Modules\DevTestModuleTest\Mocks</Filter>
    </ClInclude>
    <ClInclude Include="Tools\Stopwatch.h">
      <Filter>Tools</Filter>
    </ClInclude>
    <ClInclude Include="Tools\TestEnities.h">
      <Filter>Tools</Filter>
    </ClInclude>
    <ClInclude Include="Tools\HelperClasses.h">
      <Filter>Tools</Filter>
    </ClInclude>
    <ClInclude Include="Core\Mocks\IdGuardMock.h">
      <Filter>Core\Mocks</Filter>
    </ClInclude>
    <ClInclude Include="Core\Mocks\EntityControllerMock.h">
      <Filter>Core\Mocks</Filter>
    </ClInclude>
    <ClInclude Include="Core\Mocks\ComponentControllerMock.h">
      <Filter>Core\Mocks</Filter>
    </ClInclude>
    <ClInclude Include="Tools\TestComponents.h">
      <Filter>Tools</Filter>
    </ClInclude>
    <ClInclude Include="Core\Mocks\EntityChangeDistributorMock.h">
      <Filter>Core\Mocks</Filter>
    </ClInclude>
    <ClInclude Include="Core\Mocks\ComponentPoolMock.h">
      <Filter>Core\Mocks</Filter>
    </ClInclude>
    <ClInclude Include="Core\Mocks\EntityPoolMock.h">
      <Filter>Core\Mocks</Filter>
    </ClInclude>
    <ClInclude Include="Tools\UniquePtrMockWrapper.h">
      <Filter>Tools</Filter>
    </ClInclude>
    <ClInclude Include="Core\Mocks\ComponentAttacherMock.h">
      <Filter>Core\Mocks</Filter>
    </ClInclude>
    <ClInclude Include="Core\Mocks\ComponentDetacherMock.h">
      <Filter>Core\Mocks</Filter>
    </ClInclude>
  </ItemGroup>
</Project>