<?xml version="1.0" encoding="utf-8"?>
<Project ToolsVersion="4.0" xmlns="http://schemas.microsoft.com/developer/msbuild/2003">
  <ItemGroup>
    <Filter Include="Modules">
      <UniqueIdentifier>{7ae000bd-1a3a-4362-9b1b-8f6b3908bf06}</UniqueIdentifier>
    </Filter>
    <Filter Include="Modules\DevTestModule">
      <UniqueIdentifier>{9274fd65-1845-40e0-a06f-94f64c17cb99}</UniqueIdentifier>
    </Filter>
    <Filter Include="Modules\DevTestModule\Include">
      <UniqueIdentifier>{b76f1754-c8d7-4865-82ab-975fa3ae2997}</UniqueIdentifier>
    </Filter>
    <Filter Include="Modules\DevTestModule\Source">
      <UniqueIdentifier>{2dfd9e84-4b7e-4af9-867e-0504eb975bb0}</UniqueIdentifier>
    </Filter>
    <Filter Include="Core">
      <UniqueIdentifier>{d1689b8f-9428-430d-89da-1d0843efcf3f}</UniqueIdentifier>
    </Filter>
    <Filter Include="Core\MemoryMgmt">
      <UniqueIdentifier>{c30539cb-96e5-4ae5-93b8-3b3b10522ac3}</UniqueIdentifier>
    </Filter>
    <Filter Include="Core\MemoryMgmt\Include">
      <UniqueIdentifier>{5d6d80ce-cb0b-43c2-bed8-61710deeadd6}</UniqueIdentifier>
    </Filter>
    <Filter Include="Core\MemoryMgmt\Source">
      <UniqueIdentifier>{6f816b7a-99d5-4a80-8bdf-6daa5b2df196}</UniqueIdentifier>
    </Filter>
    <Filter Include="Core\Include">
      <UniqueIdentifier>{e0df7242-e84c-44eb-a4df-7db8d6277e31}</UniqueIdentifier>
    </Filter>
    <Filter Include="Core\Source">
      <UniqueIdentifier>{46096575-2eb8-47ed-9fe8-e2f3b654dafd}</UniqueIdentifier>
    </Filter>
    <Filter Include="Core\Include\Interfaces">
      <UniqueIdentifier>{e54d58af-1c95-4c9c-be1e-98cd7b0a7c58}</UniqueIdentifier>
    </Filter>
    <Filter Include="Core\Other">
      <UniqueIdentifier>{b0d4002f-9033-453a-84ea-3c735287a4a4}</UniqueIdentifier>
    </Filter>
  </ItemGroup>
  <ItemGroup>
    <ClCompile Include="Main\Modules\DevTestModule\Source\DevTestClass.cpp">
      <Filter>Modules\DevTestModule\Source</Filter>
    </ClCompile>
    <ClCompile Include="Main\main.cpp" />
    <ClCompile Include="Main\Core\Source\EntityController.cpp">
      <Filter>Core\Source</Filter>
    </ClCompile>
    <ClCompile Include="Main\Core\Source\IdGuard.cpp">
      <Filter>Core\Source</Filter>
    </ClCompile>
  </ItemGroup>
  <ItemGroup>
    <ClInclude Include="Main\Modules\DevTestModule\Include\DevTestClass.hpp">
      <Filter>Modules\DevTestModule\Include</Filter>
    </ClInclude>
    <ClInclude Include="Main\Modules\DevTestModule\DevTestModule.hpp">
      <Filter>Modules\DevTestModule</Filter>
    </ClInclude>
    <ClInclude Include="Main\Core\MemoryMgmt\MemoryMgmt.hpp">
      <Filter>Core\MemoryMgmt</Filter>
    </ClInclude>
    <ClInclude Include="Main\Core\Include\Entity.h">
      <Filter>Core\Include</Filter>
    </ClInclude>
    <ClInclude Include="Main\Core\Include\Component.h">
      <Filter>Core\Include</Filter>
    </ClInclude>
    <ClInclude Include="Main\Core\Include\System.h">
      <Filter>Core\Include</Filter>
    </ClInclude>
    <ClInclude Include="Main\Core\MemoryMgmt\Include\Pool.h">
      <Filter>Core\MemoryMgmt\Include</Filter>
    </ClInclude>
    <ClInclude Include="Main\Core\Include\ComponentBase.h">
      <Filter>Core\Include</Filter>
    </ClInclude>
    <ClInclude Include="Main\Core\Include\EntityController.h">
      <Filter>Core\Include</Filter>
    </ClInclude>
    <ClInclude Include="Main\Core\Include\IComponentController.h">
      <Filter>Core\Include\Interfaces</Filter>
    </ClInclude>
    <ClInclude Include="Main\Core\Include\ISystemController.h">
      <Filter>Core\Include\Interfaces</Filter>
    </ClInclude>
    <ClInclude Include="Main\Core\Include\IEntityController.h">
      <Filter>Core\Include\Interfaces</Filter>
    </ClInclude>
    <ClInclude Include="Main\Core\Include\ISystem.h">
      <Filter>Core\Include\Interfaces</Filter>
    </ClInclude>
    <ClInclude Include="Main\Core\Include\IIdGuard.h">
      <Filter>Core\Include\Interfaces</Filter>
    </ClInclude>
    <ClInclude Include="Main\Core\Constants.h">
      <Filter>Core\Other</Filter>
    </ClInclude>
    <ClInclude Include="Main\Core\Core.h">
      <Filter>Core\Other</Filter>
    </ClInclude>
    <ClInclude Include="Main\Core\Parameters.h">
      <Filter>Core\Other</Filter>
    </ClInclude>
    <ClInclude Include="Main\Core\Types.h">
      <Filter>Core\Other</Filter>
    </ClInclude>
    <ClInclude Include="Main\Core\Include\IdGuard.h">
      <Filter>Core\Include</Filter>
    </ClInclude>
  </ItemGroup>
</Project>