<?xml version="1.0" encoding="utf-8"?>
<Project ToolsVersion="4.0" xmlns="http://schemas.microsoft.com/developer/msbuild/2003">
  <ItemGroup>
    <Filter Include="Modules">
      <UniqueIdentifier>{7ae000bd-1a3a-4362-9b1b-8f6b3908bf06}</UniqueIdentifier>
    </Filter>
    <Filter Include="Modules\DevTestModule">
      <UniqueIdentifier>{9274fd65-1845-40e0-a06f-94f64c17cb99}</UniqueIdentifier>
    </Filter>
    <Filter Include="Modules\DevTestModule\Include">
      <UniqueIdentifier>{b76f1754-c8d7-4865-82ab-975fa3ae2997}</UniqueIdentifier>
    </Filter>
    <Filter Include="Modules\DevTestModule\Source">
      <UniqueIdentifier>{2dfd9e84-4b7e-4af9-867e-0504eb975bb0}</UniqueIdentifier>
    </Filter>
  </ItemGroup>
  <ItemGroup>
    <ClCompile Include="Main\Modules\DevTestModule\Source\DevTestClass.cpp">
      <Filter>Modules\DevTestModule\Source</Filter>
    </ClCompile>
    <ClCompile Include="Main\main.cpp" />
  </ItemGroup>
  <ItemGroup>
    <ClInclude Include="Main\Modules\DevTestModule\Include\DevTestClass.hpp">
      <Filter>Modules\DevTestModule\Include</Filter>
    </ClInclude>
    <ClInclude Include="Main\Modules\DevTestModule\DevTestModule.hpp">
      <Filter>Modules\DevTestModule</Filter>
    </ClInclude>
  </ItemGroup>
</Project>